
Microsoft Visual Studio Solution File, Format Version 12.00
# Visual Studio Version 17
VisualStudioVersion = 17.13.35913.81 d17.13
MinimumVisualStudioVersion = 10.0.40219.1
Project("{FAE04EC0-301F-11D3-BF4B-00C04F79EFBC}") = "LogDeErros", "LogDeErros\LogDeErros.csproj", "{6AFD524F-2C62-45E9-8DC9-C66FE5B2B9D0}"
EndProject
Project("{FAE04EC0-301F-11D3-BF4B-00C04F79EFBC}") = "Teste", "Teste\Teste.csproj", "{BD2F3817-E870-4998-9ED6-9DAEF05CDCFF}"
EndProject
Global
	GlobalSection(SolutionConfigurationPlatforms) = preSolution
		Debug|Any CPU = Debug|Any CPU
		Release|Any CPU = Release|Any CPU
	EndGlobalSection
	GlobalSection(ProjectConfigurationPlatforms) = postSolution
		{6AFD524F-2C62-45E9-8DC9-C66FE5B2B9D0}.Debug|Any CPU.ActiveCfg = Debug|Any CPU
		{6AFD524F-2C62-45E9-8DC9-C66FE5B2B9D0}.Debug|Any CPU.Build.0 = Debug|Any CPU
		{6AFD524F-2C62-45E9-8DC9-C66FE5B2B9D0}.Release|Any CPU.ActiveCfg = Release|Any CPU
		{6AFD524F-2C62-45E9-8DC9-C66FE5B2B9D0}.Release|Any CPU.Build.0 = Release|Any CPU
		{BD2F3817-E870-4998-9ED6-9DAEF05CDCFF}.Debug|Any CPU.ActiveCfg = Debug|Any CPU
		{BD2F3817-E870-4998-9ED6-9DAEF05CDCFF}.Debug|Any CPU.Build.0 = Debug|Any CPU
		{BD2F3817-E870-4998-9ED6-9DAEF05CDCFF}.Release|Any CPU.ActiveCfg = Release|Any CPU
		{BD2F3817-E870-4998-9ED6-9DAEF05CDCFF}.Release|Any CPU.Build.0 = Release|Any CPU
	EndGlobalSection
	GlobalSection(SolutionProperties) = preSolution
		HideSolutionNode = FALSE
	EndGlobalSection
	GlobalSection(ExtensibilityGlobals) = postSolution
		SolutionGuid = {852C2388-879D-4C06-B229-EAEC9505CE54}
	EndGlobalSection
EndGlobal
